{
  "version": 4,
  "terraform_version": "1.1.9",
  "serial": 458,
  "lineage": "f309ef70-bc81-8532-6149-d0e8a7a79a6c",
  "outputs": {},
  "resources": [
    {
      "mode": "managed",
      "type": "aws_vpc",
      "name": "devops_vpc",
      "provider": "provider[\"registry.terraform.io/hashicorp/aws\"]",
      "instances": [
        {
          "schema_version": 1,
          "attributes": {
            "arn": "arn:aws:ec2:ap-south-1:228431726353:vpc/vpc-086f67847146b8ef8",
            "assign_generated_ipv6_cidr_block": false,
            "cidr_block": "10.0.0.0/16",
            "default_network_acl_id": "acl-006e73f6729e76a9f",
            "default_route_table_id": "rtb-09965755fe9e559c8",
            "default_security_group_id": "sg-057643391f632bf1a",
            "dhcp_options_id": "dopt-7020c81b",
            "enable_classiclink": false,
            "enable_classiclink_dns_support": false,
            "enable_dns_hostnames": true,
            "enable_dns_support": true,
            "id": "vpc-086f67847146b8ef8",
            "instance_tenancy": "default",
            "ipv4_ipam_pool_id": null,
            "ipv4_netmask_length": null,
            "ipv6_association_id": "",
            "ipv6_cidr_block": "",
            "ipv6_cidr_block_network_border_group": "",
            "ipv6_ipam_pool_id": "",
            "ipv6_netmask_length": 0,
            "main_route_table_id": "rtb-09965755fe9e559c8",
            "owner_id": "228431726353",
            "tags": {
              "Name": "DevOps_VPC"
            },
            "tags_all": {
              "Name": "DevOps_VPC"
            }
          },
          "sensitive_attributes": [],
          "private": "eyJzY2hlbWFfdmVyc2lvbiI6IjEifQ==",
          "create_before_destroy": true
        }
      ]
    }
  ]
}
